
Microsoft Visual Studio Solution File, Format Version 12.00
# Visual Studio Version 16
VisualStudioVersion = 16.0.31702.278
MinimumVisualStudioVersion = 10.0.40219.1
Project("{FAE04EC0-301F-11D3-BF4B-00C04F79EFBC}") = "GetFitDesktop", "GetFitDesktop.csproj", "{3EA5D3C2-2AE7-48B9-925B-2AFD2E2EE0D4}"
EndProject
Global
	GlobalSection(SolutionConfigurationPlatforms) = preSolution
		Debug|Any CPU = Debug|Any CPU
		Release|Any CPU = Release|Any CPU
	EndGlobalSection
	GlobalSection(ProjectConfigurationPlatforms) = postSolution
		{3EA5D3C2-2AE7-48B9-925B-2AFD2E2EE0D4}.Debug|Any CPU.ActiveCfg = Debug|Any CPU
		{3EA5D3C2-2AE7-48B9-925B-2AFD2E2EE0D4}.Debug|Any CPU.Build.0 = Debug|Any CPU
		{3EA5D3C2-2AE7-48B9-925B-2AFD2E2EE0D4}.Release|Any CPU.ActiveCfg = Release|Any CPU
		{3EA5D3C2-2AE7-48B9-925B-2AFD2E2EE0D4}.Release|Any CPU.Build.0 = Release|Any CPU
	EndGlobalSection
	GlobalSection(SolutionProperties) = preSolution
		HideSolutionNode = FALSE
	EndGlobalSection
	GlobalSection(ExtensibilityGlobals) = postSolution
		SolutionGuid = {B99F634B-C170-4908-B9BD-F40DF3226190}
	EndGlobalSection
EndGlobal
